# This file is automatically @generated by Poetry 2.3.3 and should not be changed by hand.

[[package]]
name = "attrs"
version = "22.2.0"
description = "Classes Without Boilerplate"
optional = false
python-versions = ">=3.6"
groups = ["main"]
files = [
    {file = "attrs-22.2.0-py3-none-any.whl", hash = "sha256:29e95c7f6778868dbd49170f98f8818f78f3dc5e0e37c0b1f474e3561b240836"},
    {file = "attrs-22.2.0.tar.gz", hash = "sha256:c9227bfc2f01993c03f68db37d1d15c9690188323c067c641f1a35ca58185f99"},
]

[package.extras]
cov = ["attrs[tests]", "coverage-enable-subprocess", "coverage[toml] (>=5.3)"]
dev = ["attrs[docs,tests]"]
docs = ["furo", "myst-parser", "sphinx", "sphinx-notfound-page", "sphinxcontrib-towncrier", "towncrier", "zope.interface"]
tests = ["attrs[tests-no-zope]", "zope.interface"]
tests-no-zope = ["cloudpickle ; platform_python_implementation == \"CPython\"", "cloudpickle ; platform_python_implementation == \"CPython\"", "hypothesis", "hypothesis", "mypy (>=0.971,<0.990) ; platform_python_implementation == \"CPython\"", "mypy (>=0.971,<0.990) ; platform_python_implementation == \"CPython\"", "pympler", "pympler", "pytest (>=4.3.0)", "pytest (>=4.3.0)", "pytest-mypy-plugins ; platform_python_implementation == \"CPython\" and python_version < \"3.11\"", "pytest-mypy-plugins ; platform_python_implementation == \"CPython\" and python_version < \"3.11\"", "pytest-xdist[psutil]", "pytest-xdist[psutil]"]

[[package]]
name = "bottle"
version = "0.12.23"
description = "Fast and simple WSGI-framework for small web-applications."
optional = false
python-versions = "*"
groups = ["main"]
files = [
    {file = "bottle-0.12.23-py3-none-any.whl", hash = "sha256:9f1c363257c590bd34db5fad4693a7f06ff4217e9ad18337451de69c25137127"},
    {file = "bottle-0.12.23.tar.gz", hash = "sha256:683de3aa399fb26e87b274dbcf70b1a651385d459131716387abdc3792e04167"},
]

[[package]]
name = "c2c-template"
version = "2.3.0"
description = "Vars collector and template runner."
optional = false
python-versions = "*"
groups = ["main"]
files = [
    {file = "c2c.template-2.3.0-py3-none-any.whl", hash = "sha256:d9dd6ee0f7c2b01e9eb5e2f0e3d5692bb72983b807a352062b99c072ebb0c81c"},
]

[package.dependencies]
bottle = "*"
Jinja2 = "*"
Mako = "*"
PyYAML = "*"
pyyaml-include = "*"

[[package]]
name = "certifi"
version = "2026.4.22"
description = "Python package for providing Mozilla's CA Bundle."
optional = false
python-versions = ">=3.7"
groups = ["main"]
files = [
    {file = "certifi-2026.4.22-py3-none-any.whl", hash = "sha256:3cb2210c8f88ba2318d29b0388d1023c8492ff72ecdde4ebdaddbb13a31b1c4a"},
    {file = "certifi-2026.4.22.tar.gz", hash = "sha256:8d455352a37b71bf76a79caa83a3d6c25afee4a385d632127b6afb3963f1c580"},
]

[[package]]
name = "click"
version = "8.1.3"
description = "Composable command line interface toolkit"
optional = false
python-versions = ">=3.7"
groups = ["main"]
files = [
    {file = "click-8.1.3-py3-none-any.whl", hash = "sha256:bb4d8133cb15a609f44e8213d9b391b0809795062913b383c62be0ee95b1db48"},
    {file = "click-8.1.3.tar.gz", hash = "sha256:7682dc8afb30297001674575ea00d1814d808d6a36af415a82bd481d37ba7b8e"},
]

[package.dependencies]
colorama = {version = "*", markers = "platform_system == \"Windows\""}

[[package]]
name = "click-plugins"
version = "1.1.1"
description = "An extension module for click to enable registering CLI commands via setuptools entry-points."
optional = false
python-versions = "*"
groups = ["main"]
files = [
    {file = "click-plugins-1.1.1.tar.gz", hash = "sha256:46ab999744a9d831159c3411bb0c79346d94a444df9a3a3742e9ed63645f264b"},
    {file = "click_plugins-1.1.1-py2.py3-none-any.whl", hash = "sha256:5d262006d3222f5057fd81e1623d4443e41dcda5dc815c06b442aa3c02889fc8"},
]

[package.dependencies]
click = ">=4.0"

[package.extras]
dev = ["coveralls", "pytest (>=3.6)", "pytest-cov", "wheel"]

[[package]]
name = "cligj"
version = "0.7.2"
description = "Click params for commmand line interfaces to GeoJSON"
optional = false
python-versions = ">=2.7, !=3.0.*, !=3.1.*, !=3.2.*, <4"
groups = ["main"]
files = [
    {file = "cligj-0.7.2-py3-none-any.whl", hash = "sha256:c1ca117dbce1fe20a5809dc96f01e1c2840f6dcc939b3ddbb1111bf330ba82df"},
    {file = "cligj-0.7.2.tar.gz", hash = "sha256:a4bc13d623356b373c2c27c53dbd9c68cae5d526270bfa71f6c6fa69669c6b27"},
]

[package.dependencies]
click = ">=4.0"

[package.extras]
test = ["pytest-cov"]

[[package]]
name = "colorama"
version = "0.4.6"
description = "Cross-platform colored terminal text."
optional = false
python-versions = "!=3.0.*,!=3.1.*,!=3.2.*,!=3.3.*,!=3.4.*,!=3.5.*,!=3.6.*,>=2.7"
groups = ["main"]
markers = "platform_system == \"Windows\""
files = [
    {file = "colorama-0.4.6-py2.py3-none-any.whl", hash = "sha256:4f1d9991f5acc0ca119f9d443620b77f9d6b33703e51011c16baf57afb285fc6"},
    {file = "colorama-0.4.6.tar.gz", hash = "sha256:08695f5cb7ed6e0531a20572697297273c47b8cae5a63ffc6d6ed5c201be6e44"},
]

[[package]]
name = "defusedxml"
version = "0.7.1"
description = "XML bomb protection for Python stdlib modules"
optional = false
python-versions = ">=2.7, !=3.0.*, !=3.1.*, !=3.2.*, !=3.3.*, !=3.4.*"
groups = ["main"]
files = [
    {file = "defusedxml-0.7.1-py2.py3-none-any.whl", hash = "sha256:a352e7e428770286cc899e2542b6cdaedb2b4953ff269a210103ec58f6198a61"},
    {file = "defusedxml-0.7.1.tar.gz", hash = "sha256:1bb3032db185915b62d7c6209c5a8792be6a32ab2fedacc84e01b52c51aa3e69"},
]

[[package]]
name = "fiona"
version = "1.10.1"
description = "Fiona reads and writes spatial data files"
optional = false
python-versions = ">=3.8"
groups = ["main"]
files = [
    {file = "fiona-1.10.1-cp310-cp310-macosx_10_15_x86_64.whl", hash = "sha256:6e2a94beebda24e5db8c3573fe36110d474d4a12fac0264a3e083c75e9d63829"},
    {file = "fiona-1.10.1-cp310-cp310-macosx_11_0_arm64.whl", hash = "sha256:fc7366f99bdc18ec99441b9e50246fdf5e72923dc9cbb00267b2bf28edd142ba"},
    {file = "fiona-1.10.1-cp310-cp310-manylinux_2_17_x86_64.manylinux2014_x86_64.whl", hash = "sha256:8c32f424b0641c79f4036b96c2e80322fb181b4e415c8cd02d182baef55e6730"},
    {file = "fiona-1.10.1-cp310-cp310-win_amd64.whl", hash = "sha256:9a67bd88918e87d64168bc9c00d9816d8bb07353594b5ce6c57252979d5dc86e"},
    {file = "fiona-1.10.1-cp311-cp311-macosx_10_15_x86_64.whl", hash = "sha256:98fe556058b370da07a84f6537c286f87eb4af2343d155fbd3fba5d38ac17ed7"},
    {file = "fiona-1.10.1-cp311-cp311-macosx_11_0_arm64.whl", hash = "sha256:be29044d4aeebae92944b738160dc5f9afc4cdf04f551d59e803c5b910e17520"},
    {file = "fiona-1.10.1-cp311-cp311-manylinux_2_17_x86_64.manylinux2014_x86_64.whl", hash = "sha256:94bd3d448f09f85439e4b77c38b9de1aebe3eef24acc72bd631f75171cdfde51"},
    {file = "fiona-1.10.1-cp311-cp311-win_amd64.whl", hash = "sha256:30594c0cd8682c43fd01e7cdbe000f94540f8fa3b7cb5901e805c88c4ff2058b"},
    {file = "fiona-1.10.1-cp312-cp312-macosx_10_15_x86_64.whl", hash = "sha256:7338b8c68beb7934bde4ec9f49eb5044e5e484b92d940bc3ec27defdb2b06c67"},
    {file = "fiona-1.10.1-cp312-cp312-macosx_11_0_arm64.whl", hash = "sha256:8c77fcfd3cdb0d3c97237965f8c60d1696a64923deeeb2d0b9810286cbe25911"},
    {file = "fiona-1.10.1-cp312-cp312-manylinux_2_17_x86_64.manylinux2014_x86_64.whl", hash = "sha256:537872cbc9bda7fcdf73851c91bc5338fca2b502c4c17049ccecaa13cde1f18f"},
    {file = "fiona-1.10.1-cp312-cp312-win_amd64.whl", hash = "sha256:41cde2c52c614457e9094ea44b0d30483540789e62fe0fa758c2a2963e980817"},
    {file = "fiona-1.10.1-cp313-cp313-macosx_10_15_x86_64.whl", hash = "sha256:a00b05935c9900678b2ca660026b39efc4e4b916983915d595964eb381763ae7"},
    {file = "fiona-1.10.1-cp313-cp313-macosx_11_0_arm64.whl", hash = "sha256:f78b781d5bcbbeeddf1d52712f33458775dbb9fd1b2a39882c83618348dd730f"},
    {file = "fiona-1.10.1-cp313-cp313-manylinux_2_17_x86_64.manylinux2014_x86_64.whl", hash = "sha256:29ceeb38e3cd30d91d68858d0817a1bb0c4f96340d334db4b16a99edb0902d35"},
    {file = "fiona-1.10.1-cp313-cp313-win_amd64.whl", hash = "sha256:15751c90e29cee1e01fcfedf42ab85987e32f0b593cf98d88ed52199ef5ca623"},
    {file = "fiona-1.10.1-cp38-cp38-macosx_10_15_x86_64.whl", hash = "sha256:6f1242f872dc33d3b4269dcaebf1838a359f9097e1cc848b0e11367bce010e4d"},
    {file = "fiona-1.10.1-cp38-cp38-macosx_11_0_arm64.whl", hash = "sha256:65308b7a7e57fcc533de8a5855b0fce798faabc736d1340192dd8673ff61bc4e"},
    {file = "fiona-1.10.1-cp38-cp38-manylinux_2_17_x86_64.manylinux2014_x86_64.whl", hash = "sha256:632bc146355af5ff0d77e34ebd1be5072d623b4aedb754b94a3d8c356c4545ac"},
    {file = "fiona-1.10.1-cp38-cp38-win_amd64.whl", hash = "sha256:b7b4c3c97b1d64a1b3321577e9edaebbd36b64006e278f225f300c497cc87c35"},
    {file = "fiona-1.10.1-cp39-cp39-macosx_10_15_x86_64.whl", hash = "sha256:b62aa8d5a0981bd33d81c247219b1eaa1e655e0a0682b3a4759fccc40954bb30"},
    {file = "fiona-1.10.1-cp39-cp39-macosx_11_0_arm64.whl", hash = "sha256:f4b19cb5bd22443ef439b39239272349023556994242a8f953a0147684e1c47f"},
    {file = "fiona-1.10.1-cp39-cp39-manylinux_2_17_x86_64.manylinux2014_x86_64.whl", hash = "sha256:fa7e7e5ad252ef29905384bf92e7d14dd5374584b525632652c2ab8925304670"},
    {file = "fiona-1.10.1-cp39-cp39-win_amd64.whl", hash = "sha256:4e82d18acbe55230e9cf8ede2a836d99ea96b7c0cc7d2b8b993e6c9f0ac14dc2"},
    {file = "fiona-1.10.1.tar.gz", hash = "sha256:b00ae357669460c6491caba29c2022ff0acfcbde86a95361ea8ff5cd14a86b68"},
]

[package.dependencies]
attrs = ">=19.2.0"
certifi = "*"
click = ">=8.0,<9.0"
click-plugins = ">=1.0"
cligj = ">=0.5"

[package.extras]
all = ["fiona[calc,s3,test]"]
calc = ["pyparsing", "shapely"]
s3 = ["boto3 (>=1.3.1)"]
test = ["aiohttp", "fiona[s3]", "fsspec", "pytest (>=7)", "pytest-cov", "pytz"]

[[package]]
name = "jinja2"
version = "3.1.6"
description = "A very fast and expressive template engine."
optional = false
python-versions = ">=3.7"
groups = ["main"]
files = [
    {file = "jinja2-3.1.6-py3-none-any.whl", hash = "sha256:85ece4451f492d0c13c5dd7c13a64681a86afae63a5f347908daf103ce6d2f67"},
    {file = "jinja2-3.1.6.tar.gz", hash = "sha256:0137fb05990d35f1275a587e9aee6d56da821fc83491a0fb838183be43f66d6d"},
]

[package.dependencies]
MarkupSafe = ">=2.0"

[package.extras]
i18n = ["Babel (>=2.7)"]

[[package]]
name = "lxml"
version = "6.1.0"
description = "Powerful and Pythonic XML processing library combining libxml2/libxslt with the ElementTree API."
optional = false
python-versions = ">=3.8"
groups = ["main"]
files = [
    {file = "lxml-6.1.0-cp310-cp310-macosx_10_9_universal2.whl", hash = "sha256:41dcc4c7b10484257cbd6c37b83ddb26df2b0e5aff5ac00d095689015af868ec"},
    {file = "lxml-6.1.0-cp310-cp310-macosx_10_9_x86_64.whl", hash = "sha256:a31286dbb5e74c8e9a5344465b77ab4c5bd511a253b355b5ca2fae7e579fafec"},
    {file = "lxml-6.1.0-cp310-cp310-manylinux2014_aarch64.manylinux_2_17_aarch64.whl", hash = "sha256:1bc4cc83fb7f66ffb16f74d6dd0162e144333fc36ebcce32246f80c8735b2551"},
    {file = "lxml-6.1.0-cp310-cp310-manylinux2014_x86_64.manylinux_2_17_x86_64.whl", hash = "sha256:20cf4d0651987c906a2f5cba4e3a8d6ba4bfdf973cfe2a96c0d6053888ea2ecd"},
    {file = "lxml-6.1.0-cp310-cp310-manylinux_2_26_aarch64.manylinux_2_28_aarch64.whl", hash = "sha256:ffb34ea45a82dd637c2c97ae1bbb920850c1e59bcae79ce1c15af531d83e7215"},
    {file = "lxml-6.1.0-cp310-cp310-manylinux_2_26_x86_64.manylinux_2_28_x86_64.whl", hash = "sha256:a1d9b99e5b2597e4f5aed2484fef835256fa1b68a19e4265c97628ef4bf8bcf4"},
    {file = "lxml-6.1.0-cp310-cp310-manylinux_2_28_i686.whl", hash = "sha256:d43aa26dcda363f21e79afa0668f5029ed7394b3bb8c92a6927a3d34e8b610ea"},
    {file = "lxml-6.1.0-cp310-cp310-manylinux_2_31_armv7l.whl", hash = "sha256:6262b87f9e5c1e5fe501d6c153247289af42eb44ad7660b9b3de17baaf92d6f6"},
    {file = "lxml-6.1.0-cp310-cp310-manylinux_2_38_riscv64.manylinux_2_39_riscv64.whl", hash = "sha256:d1392c569c032f78a11a25d1de1c43fff13294c793b39e19d84fade3045cbbc3"},
    {file = "lxml-6.1.0-cp310-cp310-musllinux_1_2_aarch64.whl", hash = "sha256:045e387d1f4f42a418380930fa3f45c73c9b392faf67e495e58902e68e8f44a7"},
    {file = "lxml-6.1.0-cp310-cp310-musllinux_1_2_armv7l.whl", hash = "sha256:9f93d5b8b07f73e8c77e3c6556a3db269918390c804b5e5fcdd4858232cc8f16"},
    {file = "lxml-6.1.0-cp310-cp310-musllinux_1_2_riscv64.whl", hash = "sha256:de550d129f18d8ab819651ffe4f38b1b713c7e116707de3c0c6400d0ef34fbc1"},
    {file = "lxml-6.1.0-cp310-cp310-musllinux_1_2_x86_64.whl", hash = "sha256:c08da09dc003c9e8c70e06b53a11db6fb3b250c21c4236b03c7d7b443c318e7a"},
    {file = "lxml-6.1.0-cp310-cp310-win32.whl", hash = "sha256:37448bf9c7d7adfc5254763901e2bbd6bb876228dfc1fc7f66e58c06368a7544"},
    {file = "lxml-6.1.0-cp310-cp310-win_amd64.whl", hash = "sha256:2593a0a6621545b9095b71ad74ed4226eba438a7d9fc3712a99bdb15508cf93a"},
    {file = "lxml-6.1.0-cp310-cp310-win_arm64.whl", hash = "sha256:e80807d72f96b96ad5588cb85c75616e4f2795a7737d4630784c51497beb7776"},
    {file = "lxml-6.1.0-cp311-cp311-macosx_10_9_universal2.whl", hash = "sha256:cec05be8c876f92a5aa07b01d60bbb4d11cfbdd654cad0561c0d7b5c043a61b9"},
    {file = "lxml-6.1.0-cp311-cp311-macosx_10_9_x86_64.whl", hash = "sha256:9c03e048b6ce8e77b09c734e931584894ecd58d08296804ca2d0b184c933ce50"},
    {file = "lxml-6.1.0-cp311-cp311-manylinux2014_aarch64.manylinux_2_17_aarch64.whl", hash = "sha256:942454ff253da14218f972b23dc72fa4edf6c943f37edd19cd697618b626fac5"},
    {file = "lxml-6.1.0-cp311-cp311-manylinux2014_x86_64.manylinux_2_17_x86_64.whl", hash = "sha256:d036ee7b99d5148072ac7c9b847193decdfeac633db350363f7bce4fff108f0e"},
    {file = "lxml-6.1.0-cp311-cp311-manylinux_2_26_aarch64.manylinux_2_28_aarch64.whl", hash = "sha256:3ae5d8d5427f3cc317e7950f2da7ad276df0cfa37b8de2f5658959e618ea8512"},
    {file = "lxml-6.1.0-cp311-cp311-manylinux_2_26_x86_64.manylinux_2_28_x86_64.whl", hash = "sha256:363e47283bde87051b821826e71dde47f107e08614e1aa312ba0c5711e77738c"},
    {file = "lxml-6.1.0-cp311-cp311-manylinux_2_28_i686.whl", hash = "sha256:f504d861d9f2a8f94020130adac88d66de93841707a23a86244263d1e54682f5"},
    {file = "lxml-6.1.0-cp311-cp311-manylinux_2_31_armv7l.whl", hash = "sha256:23a5dc68e08ed13331d61815c08f260f46b4a60fdd1640bbeb82cf89a9d90289"},
    {file = "lxml-6.1.0-cp311-cp311-manylinux_2_38_riscv64.manylinux_2_39_riscv64.whl", hash = "sha256:f15401d8d3dbf239e23c818afc10c7207f7b95f9a307e092122b6f86dd43209a"},
    {file = "lxml-6.1.0-cp311-cp311-musllinux_1_2_aarch64.whl", hash = "sha256:fcf3da95e93349e0647d48d4b36a12783105bcc74cb0c416952f9988410846a3"},
    {file = "lxml-6.1.0-cp311-cp311-musllinux_1_2_armv7l.whl", hash = "sha256:0d082495c5fcf426e425a6e28daaba1fcb6d8f854a4ff01effb1f1f381203eb9"},
    {file = "lxml-6.1.0-cp311-cp311-musllinux_1_2_riscv64.whl", hash = "sha256:e3c4f84b24a1fcba435157d111c4b755099c6ff00a3daee1ad281817de75ed11"},
    {file = "lxml-6.1.0-cp311-cp311-musllinux_1_2_x86_64.whl", hash = "sha256:976a6b39b1b13e8c354ad8d3f261f3a4ac6609518af91bdb5094760a08f132c4"},
    {file = "lxml-6.1.0-cp311-cp311-win32.whl", hash = "sha256:857efde87d365706590847b916baff69c0bc9252dc5af030e378c9800c0b10e3"},
    {file = "lxml-6.1.0-cp311-cp311-win_amd64.whl", hash = "sha256:183bfb45a493081943be7ea2b5adfc2b611e1cf377cefa8b8a8be404f45ef9a7"},
    {file = "lxml-6.1.0-cp311-cp311-win_arm64.whl", hash = "sha256:19f4164243fc206d12ed3d866e80e74f5bc3627966520da1a5f97e42c32a3f39"},
    {file = "lxml-6.1.0-cp312-cp312-macosx_10_13_universal2.whl", hash = "sha256:d2f17a16cd8751e8eb233a7e41aecdf8e511712e00088bf9be455f604cd0d28d"},
    {file = "lxml-6.1.0-cp312-cp312-macosx_10_13_x86_64.whl", hash = "sha256:f0cea5b1d3e6e77d71bd2b9972eb2446221a69dc52bb0b9c3c6f6e5700592d93"},
    {file = "lxml-6.1.0-cp312-cp312-manylinux2014_aarch64.manylinux_2_17_aarch64.whl", hash = "sha256:fc46da94826188ed45cb53bd8e3fc076ae22675aea2087843d4735627f867c6d"},
    {file = "lxml-6.1.0-cp312-cp312-manylinux2014_x86_64.manylinux_2_17_x86_64.whl", hash = "sha256:9147d8e386ec3b82c3b15d88927f734f565b0aaadef7def562b853adca45784a"},
    {file = "lxml-6.1.0-cp312-cp312-manylinux_2_26_aarch64.manylinux_2_28_aarch64.whl", hash = "sha256:5715e0e28736a070f3f34a7ccc09e2fdcba0e3060abbcf61a1a5718ff6d6b105"},
    {file = "lxml-6.1.0-cp312-cp312-manylinux_2_26_ppc64le.manylinux_2_28_ppc64le.whl", hash = "sha256:4937460dc5df0cdd2f06a86c285c28afda06aefa3af949f9477d3e8df430c485"},
    {file = "lxml-6.1.0-cp312-cp312-manylinux_2_26_x86_64.manylinux_2_28_x86_64.whl", hash = "sha256:bc783ee3147e60a25aa0445ea82b3e8aabb83b240f2b95d32cb75587ff781814"},
    {file = "lxml-6.1.0-cp312-cp312-manylinux_2_28_i686.whl", hash = "sha256:40d9189f80075f2e1f88db21ef815a2b17b28adf8e50aaf5c789bfe737027f32"},
    {file = "lxml-6.1.0-cp312-cp312-manylinux_2_31_armv7l.whl", hash = "sha256:05b9b8787e35bec69e68daf4952b2e6dfcfb0db7ecf1a06f8cdfbbac4eb71aad"},
    {file = "lxml-6.1.0-cp312-cp312-manylinux_2_38_riscv64.manylinux_2_39_riscv64.whl", hash = "sha256:0f0f08beb0182e3e9a86fae124b3c47a7b41b7b69b225e1377db983802404e54"},
    {file = "lxml-6.1.0-cp312-cp312-musllinux_1_2_aarch64.whl", hash = "sha256:73becf6d8c81d4c76b1014dbd3584cb26d904492dcf73ca85dc8bff08dcd6d2d"},
    {file = "lxml-6.1.0-cp312-cp312-musllinux_1_2_armv7l.whl", hash = "sha256:1ae225f66e5938f4fa29d37e009a3bb3b13032ac57eb4eb42afa44f6e4054e69"},
    {file = "lxml-6.1.0-cp312-cp312-musllinux_1_2_ppc64le.whl", hash = "sha256:690022c7fae793b0489aa68a658822cea83e0d5933781811cabbf5ea3bcfe73d"},
    {file = "lxml-6.1.0-cp312-cp312-musllinux_1_2_riscv64.whl", hash = "sha256:63aeafc26aac0be8aff14af7871249e87ea1319be92090bfd632ec68e03b16a5"},
    {file = "lxml-6.1.0-cp312-cp312-musllinux_1_2_x86_64.whl", hash = "sha256:264c605ab9c0e4aa1a679636f4582c4d3313700009fac3ec9c3412ed0d8f3e1d"},
    {file = "lxml-6.1.0-cp312-cp312-win32.whl", hash = "sha256:56971379bc5ee8037c5a0f09fa88f66cdb7d37c3e38af3e45cf539f41131ac1f"},
    {file = "lxml-6.1.0-cp312-cp312-win_amd64.whl", hash = "sha256:bba078de0031c219e5dd06cf3e6bf8fb8e6e64a77819b358f53bb132e3e03366"},
    {file = "lxml-6.1.0-cp312-cp312-win_arm64.whl", hash = "sha256:c3592631e652afa34999a088f98ba7dfc7d6aff0d535c410bea77a71743f3819"},
    {file = "lxml-6.1.0-cp313-cp313-macosx_10_13_universal2.whl", hash = "sha256:a0092f2b107b69601adf562a57c956fbb596e05e3e6651cabd3054113b007e45"},
    {file = "lxml-6.1.0-cp313-cp313-macosx_10_13_x86_64.whl", hash = "sha256:fc7140d7a7386e6b545d41b7358f4d02b656d4053f5fa6859f92f4b9c2572c4d"},
    {file = "lxml-6.1.0-cp313-cp313-manylinux2014_aarch64.manylinux_2_17_aarch64.whl", hash = "sha256:419c58fc92cc3a2c3fa5f78c63dbf5da70c1fa9c1b25f25727ecee89a96c7de2"},
    {file = "lxml-6.1.0-cp313-cp313-manylinux2014_x86_64.manylinux_2_17_x86_64.whl", hash = "sha256:37fabd1452852636cf38ecdcc9dd5ca4bba7a35d6c53fa09725deeb894a87491"},
    {file = "lxml-6.1.0-cp313-cp313-manylinux_2_26_aarch64.manylinux_2_28_aarch64.whl", hash = "sha256:a2853c8b2170cc6cd54a6b4d50d2c1a8a7aeca201f23804b4898525c7a152cfc"},
    {file = "lxml-6.1.0-cp313-cp313-manylinux_2_26_ppc64le.manylinux_2_28_ppc64le.whl", hash = "sha256:8e369cbd690e788c8d15e56222d91a09c6a417f49cbc543040cba0fe2e25a79e"},
    {file = "lxml-6.1.0-cp313-cp313-manylinux_2_26_x86_64.manylinux_2_28_x86_64.whl", hash = "sha256:e69aa6805905807186eb00e66c6d97a935c928275182eb02ee40ba00da9623b2"},
    {file = "lxml-6.1.0-cp313-cp313-manylinux_2_28_i686.whl", hash = "sha256:4bd1bdb8a9e0e2dd229de19b5f8aebac80e916921b4b2c6ef8a52bc131d0c1f9"},
    {file = "lxml-6.1.0-cp313-cp313-manylinux_2_31_armv7l.whl", hash = "sha256:cbd7b79cdcb4986ad78a2662625882747f09db5e4cd7b2ae178a88c9c51b3dfe"},
    {file = "lxml-6.1.0-cp313-cp313-manylinux_2_38_riscv64.manylinux_2_39_riscv64.whl", hash = "sha256:43e4d297f11080ec9d64a4b1ad7ac02b4484c9f0e2179d9c4ef78e886e747b88"},
    {file = "lxml-6.1.0-cp313-cp313-musllinux_1_2_aarch64.whl", hash = "sha256:cc16682cc987a3da00aa56a3aa3075b08edb10d9b1e476938cfdbee8f3b67181"},
    {file = "lxml-6.1.0-cp313-cp313-musllinux_1_2_armv7l.whl", hash = "sha256:d6d8efe71429635f0559579092bb5e60560d7b9115ee38c4adbea35632e7fa24"},
    {file = "lxml-6.1.0-cp313-cp313-musllinux_1_2_ppc64le.whl", hash = "sha256:7e39ab3a28af7784e206d8606ec0e4bcad0190f63a492bca95e94e5a4aef7f6e"},
    {file = "lxml-6.1.0-cp313-cp313-musllinux_1_2_riscv64.whl", hash = "sha256:9eb667bf50856c4a58145f8ca2d5e5be160191e79eb9e30855a476191b3c3495"},
    {file = "lxml-6.1.0-cp313-cp313-musllinux_1_2_x86_64.whl", hash = "sha256:7f4a77d6f7edf9230cee3e1f7f6764722a41604ee5681844f18db9a81ea0ec33"},
    {file = "lxml-6.1.0-cp313-cp313-win32.whl", hash = "sha256:28902146ffbe5222df411c5d19e5352490122e14447e98cd118907ee3fd6ee62"},
    {file = "lxml-6.1.0-cp313-cp313-win_amd64.whl", hash = "sha256:4a1503c56e4e2b38dc76f2f2da7bae69670c0f1933e27cfa34b2fa5876410b16"},
    {file = "lxml-6.1.0-cp313-cp313-win_arm64.whl", hash = "sha256:e0af85773850417d994d019741239b901b22c6680206f46a34766926e466141d"},
    {file = "lxml-6.1.0-cp314-cp314-macosx_10_15_universal2.whl", hash = "sha256:ab863fd37458fed6456525f297d21239d987800c46e67da5ef04fc6b3dd93ac8"},
    {file = "lxml-6.1.0-cp314-cp314-macosx_10_15_x86_64.whl", hash = "sha256:6fd8b1df8254ff4fd93fd31da1fc15770bde23ac045be9bb1f87425702f61cc9"},
    {file = "lxml-6.1.0-cp314-cp314-manylinux2014_aarch64.manylinux_2_17_aarch64.whl", hash = "sha256:47024feaae386a92a146af0d2aeed65229bf6fff738e6a11dda6b0015fb8fd03"},
    {file = "lxml-6.1.0-cp314-cp314-manylinux2014_x86_64.manylinux_2_17_x86_64.whl", hash = "sha256:3f00972f84450204cd5d93a5395965e348956aaceaadec693a22ec743f8ae3eb"},
    {file = "lxml-6.1.0-cp314-cp314-manylinux_2_26_aarch64.manylinux_2_28_aarch64.whl", hash = "sha256:97faa0860e13b05b15a51fb4986421ef7a30f0b3334061c416e0981e9450ca4c"},
    {file = "lxml-6.1.0-cp314-cp314-manylinux_2_26_ppc64le.manylinux_2_28_ppc64le.whl", hash = "sha256:972a6451204798675407beaad97b868d0c733d9a74dafefc63120b81b8c2de28"},
    {file = "lxml-6.1.0-cp314-cp314-manylinux_2_26_x86_64.manylinux_2_28_x86_64.whl", hash = "sha256:fe022f20bc4569ec66b63b3fb275a3d628d9d32da6326b2982584104db6d3086"},
    {file = "lxml-6.1.0-cp314-cp314-manylinux_2_28_i686.whl", hash = "sha256:75c4c7c619a744f972f4451bf5adf6d0fb00992a1ffc9fd78e13b0bc817cc99f"},
    {file = "lxml-6.1.0-cp314-cp314-manylinux_2_31_armv7l.whl", hash = "sha256:3648f20d25102a22b6061c688beb3a805099ea4beb0a01ce62975d926944d292"},
    {file = "lxml-6.1.0-cp314-cp314-manylinux_2_38_riscv64.manylinux_2_39_riscv64.whl", hash = "sha256:77b9f99b17cbf14026d1e618035077060fc7195dd940d025149f3e2e830fbfcb"},
    {file = "lxml-6.1.0-cp314-cp314-musllinux_1_2_aarch64.whl", hash = "sha256:32662519149fd7a9db354175aa5e417d83485a8039b8aaa62f873ceee7ea4cad"},
    {file = "lxml-6.1.0-cp314-cp314-musllinux_1_2_armv7l.whl", hash = "sha256:73d658216fc173cf2c939e90e07b941c5e12736b0bf6a99e7af95459cfe8eabb"},
    {file = "lxml-6.1.0-cp314-cp314-musllinux_1_2_ppc64le.whl", hash = "sha256:ac4db068889f8772a4a698c5980ec302771bb545e10c4b095d4c8be26749616f"},
    {file = "lxml-6.1.0-cp314-cp314-musllinux_1_2_riscv64.whl", hash = "sha256:45e9dfbd1b661eb64ba0d4dbe762bd210c42d86dd1e5bd2bdf89d634231beb43"},
    {file = "lxml-6.1.0-cp314-cp314-musllinux_1_2_x86_64.whl", hash = "sha256:89e8d73d09ac696a5ba42ec69787913d53284f12092f651506779314f10ba585"},
    {file = "lxml-6.1.0-cp314-cp314-win32.whl", hash = "sha256:ebe33f4ec1b2de38ceb225a1749a2965855bffeef435ba93cd2d5d540783bf2f"},
    {file = "lxml-6.1.0-cp314-cp314-win_amd64.whl", hash = "sha256:398443df51c538bd578529aa7e5f7afc6c292644174b47961f3bf87fe5741120"},
    {file = "lxml-6.1.0-cp314-cp314-win_arm64.whl", hash = "sha256:8c8984e1d8c4b3949e419158fda14d921ff703a9ed8a47236c6eb7a2b6cb4946"},
    {file = "lxml-6.1.0-cp314-cp314t-macosx_10_15_universal2.whl", hash = "sha256:1081dd10bc6fa437db2500e13993abf7cc30716d0a2f40e65abb935f02ec559c"},
    {file = "lxml-6.1.0-cp314-cp314t-macosx_10_15_x86_64.whl", hash = "sha256:dabecc48db5f42ba348d1f5d5afdc54c6c4cc758e676926c7cd327045749517d"},
    {file = "lxml-6.1.0-cp314-cp314t-manylinux2014_aarch64.manylinux_2_17_aarch64.whl", hash = "sha256:e3dd5fe19c9e0ac818a9c7f132a5e43c1339ec1cbbfecb1a938bd3a47875b7c9"},
    {file = "lxml-6.1.0-cp314-cp314t-manylinux2014_x86_64.manylinux_2_17_x86_64.whl", hash = "sha256:9e7b0a4ca6dcc007a4cef00a761bba2dea959de4bd2df98f926b33c92ca5dfb9"},
    {file = "lxml-6.1.0-cp314-cp314t-manylinux_2_26_aarch64.manylinux_2_28_aarch64.whl", hash = "sha256:5d27bbe326c6b539c64b42638b18bc6003a8d88f76213a97ac9ed4f885efeab7"},
    {file = "lxml-6.1.0-cp314-cp314t-manylinux_2_26_ppc64le.manylinux_2_28_ppc64le.whl", hash = "sha256:c4e425db0c5445ef0ad56b0eec54f89b88b2d884656e536a90b2f52aecb4ca86"},
    {file = "lxml-6.1.0-cp314-cp314t-manylinux_2_26_x86_64.manylinux_2_28_x86_64.whl", hash = "sha256:4b89b098105b8599dc57adac95d1813409ac476d3c948a498775d3d0c6124bfb"},
    {file = "lxml-6.1.0-cp314-cp314t-manylinux_2_28_i686.whl", hash = "sha256:c4a699432846df86cc3de502ee85f445ebad748a1c6021d445f3e514d2cd4b1c"},
    {file = "lxml-6.1.0-cp314-cp314t-manylinux_2_31_armv7l.whl", hash = "sha256:30e7b2ed63b6c8e97cca8af048589a788ab5c9c905f36d9cf1c2bb549f450d2f"},
    {file = "lxml-6.1.0-cp314-cp314t-manylinux_2_38_riscv64.manylinux_2_39_riscv64.whl", hash = "sha256:022981127642fe19866d2907d76241bb07ed21749601f727d5d5dd1ce5d1b773"},
    {file = "lxml-6.1.0-cp314-cp314t-musllinux_1_2_aarch64.whl", hash = "sha256:23cad0cc86046d4222f7f418910e46b89971c5a45d3c8abfad0f64b7b05e4a9b"},
    {file = "lxml-6.1.0-cp314-cp314t-musllinux_1_2_armv7l.whl", hash = "sha256:21c3302068f50d1e8728c67c87ba92aa87043abee517aa2576cca1855326b405"},
    {file = "lxml-6.1.0-cp314-cp314t-musllinux_1_2_ppc64le.whl", hash = "sha256:be10838781cb3be19251e276910cd508fe127e27c3242e50521521a0f3781690"},
    {file = "lxml-6.1.0-cp314-cp314t-musllinux_1_2_riscv64.whl", hash = "sha256:2173a7bffe97667bbf0767f8a99e587740a8c56fdf3befac4b09cb29a80276fd"},
    {file = "lxml-6.1.0-cp314-cp314t-musllinux_1_2_x86_64.whl", hash = "sha256:c6854e9cf99c84beb004eecd7d3a3868ef1109bf2b1df92d7bc11e96a36c2180"},
    {file = "lxml-6.1.0-cp314-cp314t-win32.whl", hash = "sha256:00750d63ef0031a05331b9223463b1c7c02b9004cef2346a5b2877f0f9494dd2"},
    {file = "lxml-6.1.0-cp314-cp314t-win_amd64.whl", hash = "sha256:80410c3a7e3c617af04de17caa9f9f20adaa817093293d69eae7d7d0522836f5"},
    {file = "lxml-6.1.0-cp314-cp314t-win_arm64.whl", hash = "sha256:26dd9f57ee3bd41e7d35b4c98a2ffd89ed11591649f421f0ec19f67d50ec67ac"},
    {file = "lxml-6.1.0-cp38-cp38-macosx_10_9_x86_64.whl", hash = "sha256:b6c2f225662bc5ad416bdd06f72ca301b31b39ce4261f0e0097017fc2891b940"},
    {file = "lxml-6.1.0-cp38-cp38-manylinux2014_x86_64.manylinux_2_17_x86_64.whl", hash = "sha256:a86f06f059e22a0d574990ee2df24ede03f7f3c68c1336293eee9536c4c776cd"},
    {file = "lxml-6.1.0-cp38-cp38-manylinux_2_26_x86_64.manylinux_2_28_x86_64.whl", hash = "sha256:468479e52ecf3ec23799c863336d02c05fc2f7ffd1a1424eeeb9a28d4eb69d13"},
    {file = "lxml-6.1.0-cp38-cp38-manylinux_2_28_i686.whl", hash = "sha256:a02ca8fe48815bddcfca3248efe54451abb9dbf2f7d1c5744c8aa4142d476919"},
    {file = "lxml-6.1.0-cp38-cp38-musllinux_1_2_x86_64.whl", hash = "sha256:bb40648d96157f9081886defe13eac99253e663be969ff938a9289eff6e47b72"},
    {file = "lxml-6.1.0-cp38-cp38-win32.whl", hash = "sha256:1dd6a1c3ad4cb674f44525d9957f3e9c209bb6dd9213245195167a281fcc2bdc"},
    {file = "lxml-6.1.0-cp38-cp38-win_amd64.whl", hash = "sha256:4e2c54d6b47361d0f1d3bc8d4e082ad87201e56ccdcca4d3b9ee3644ff595ec8"},
    {file = "lxml-6.1.0-cp39-cp39-macosx_10_9_universal2.whl", hash = "sha256:920354904d1cb86577d4b3cfe2830c2dbe81d6f4449e57ada428f1609b5985f7"},
    {file = "lxml-6.1.0-cp39-cp39-macosx_10_9_x86_64.whl", hash = "sha256:c871299c595ee004d186f61840f0bfc4941aa3f17c8ba4a565ead7e4f4f820ee"},
    {file = "lxml-6.1.0-cp39-cp39-manylinux2014_aarch64.manylinux_2_17_aarch64.whl", hash = "sha256:d0d799ff958655781296ec870d5e2448e75150da2b3d07f13ff5b0c2c35beefd"},
    {file = "lxml-6.1.0-cp39-cp39-manylinux2014_x86_64.manylinux_2_17_x86_64.whl", hash = "sha256:7ba11752e346bd804ea312ec2eea2532dfa8b8d3261d81a32ef9e6ab16256280"},
    {file = "lxml-6.1.0-cp39-cp39-manylinux_2_26_aarch64.manylinux_2_28_aarch64.whl", hash = "sha256:26c5272c6a4bf4cf32d3f5a7890c942b0e04438691157d341616d02cca74d4bd"},
    {file = "lxml-6.1.0-cp39-cp39-manylinux_2_26_x86_64.manylinux_2_28_x86_64.whl", hash = "sha256:c53fa3a5a52122d590e847a57ccf955557b9634a7f99ff5a35131321b0a85317"},
    {file = "lxml-6.1.0-cp39-cp39-manylinux_2_28_i686.whl", hash = "sha256:76b958b4ea3104483c20f74866d55aa056546e15ebe83dd7aecd63698f43b755"},
    {file = "lxml-6.1.0-cp39-cp39-manylinux_2_31_armv7l.whl", hash = "sha256:8c11b984b5ce6add4dccc7144c7be5d364d298f15b0c6a57da1991baedc750ce"},
    {file = "lxml-6.1.0-cp39-cp39-manylinux_2_38_riscv64.manylinux_2_39_riscv64.whl", hash = "sha256:d3829a6e6fd550a219564912d4002c537f65da4c6ae4e093cc34462f4fa027ad"},
    {file = "lxml-6.1.0-cp39-cp39-musllinux_1_2_aarch64.whl", hash = "sha256:52b0ac6903cf74ebf997eb8c682d2fbac7d1ab7e4c552413eec55868a9b73f39"},
    {file = "lxml-6.1.0-cp39-cp39-musllinux_1_2_armv7l.whl", hash = "sha256:29f5c00cb7d752bce2c70ebd2d31b0a42f9499ffdd3ecb2f31a5b73ee43031ad"},
    {file = "lxml-6.1.0-cp39-cp39-musllinux_1_2_riscv64.whl", hash = "sha256:c748ebcb6877de89f48ab90ca96642ac458fff5dec291a2b9337cd4d0934e383"},
    {file = "lxml-6.1.0-cp39-cp39-musllinux_1_2_x86_64.whl", hash = "sha256:08950a23f296b3f83521577274e3d3b0f3d739bf2e68d01a752e4288bc50d286"},
    {file = "lxml-6.1.0-cp39-cp39-win32.whl", hash = "sha256:11a873c77a181b4fef9c2e357d08ed399542c2af1390101da66720a19c7c9618"},
    {file = "lxml-6.1.0-cp39-cp39-win_amd64.whl", hash = "sha256:81ff55c70b67d19d52b6fd118a114c0a4c97d799cd3089ff9bd9e2ff4b414ee2"},
    {file = "lxml-6.1.0-cp39-cp39-win_arm64.whl", hash = "sha256:481d6e2104285d9add34f41b42b247b76b61c5b5c26c303c2e9707bbf8bd9a64"},
    {file = "lxml-6.1.0-pp311-pypy311_pp73-macosx_10_15_x86_64.whl", hash = "sha256:546b66c0dd1bb8d9fa89d7123e5fa19a8aff3a1f2141eb22df96112afb17b842"},
    {file = "lxml-6.1.0-pp311-pypy311_pp73-manylinux2014_aarch64.manylinux_2_17_aarch64.whl", hash = "sha256:5cfa1a34df366d9dc0d5eaf420f4cf2bb1e1bebe1066d1c2fc28c179f8a4004c"},
    {file = "lxml-6.1.0-pp311-pypy311_pp73-manylinux2014_x86_64.manylinux_2_17_x86_64.whl", hash = "sha256:db88156fcf544cdbf0d95588051515cfdfd4c876fc66444eb98bceb5d6db76de"},
    {file = "lxml-6.1.0-pp311-pypy311_pp73-manylinux_2_26_aarch64.manylinux_2_28_aarch64.whl", hash = "sha256:07f98f5496f96bf724b1e3c933c107f0cbf2745db18c03d2e13a291c3afd2635"},
    {file = "lxml-6.1.0-pp311-pypy311_pp73-manylinux_2_26_x86_64.manylinux_2_28_x86_64.whl", hash = "sha256:4642e04449a1e164b5ff71ffd901ddb772dfabf5c9adf1b7be5dffe1212bc037"},
    {file = "lxml-6.1.0-pp311-pypy311_pp73-win_amd64.whl", hash = "sha256:7da13bb6fbadfafb474e0226a30570a3445cfd47c86296f2446dafbd77079ace"},
    {file = "lxml-6.1.0.tar.gz", hash = "sha256:bfd57d8008c4965709a919c3e9a98f76c2c7cb319086b3d26858250620023b13"},
]

[package.extras]
cssselect = ["cssselect (>=0.7)"]
html-clean = ["lxml_html_clean"]
html5 = ["html5lib"]
htmlsoup = ["BeautifulSoup4"]

[[package]]
name = "mako"
version = "1.3.11"
description = "A super-fast templating language that borrows the best ideas from the existing templating languages."
optional = false
python-versions = ">=3.8"
groups = ["main"]
files = [
    {file = "mako-1.3.11-py3-none-any.whl", hash = "sha256:e372c6e333cf004aa736a15f425087ec977e1fcbd2966aae7f17c8dc1da27a77"},
    {file = "mako-1.3.11.tar.gz", hash = "sha256:071eb4ab4c5010443152255d77db7faa6ce5916f35226eb02dc34479b6858069"},
]

[package.dependencies]
MarkupSafe = ">=0.9.2"

[package.extras]
babel = ["Babel"]
lingua = ["lingua"]
testing = ["pytest"]

[[package]]
name = "markupsafe"
version = "2.1.1"
description = "Safely add untrusted strings to HTML/XML markup."
optional = false
python-versions = ">=3.7"
groups = ["main"]
files = [
    {file = "MarkupSafe-2.1.1-cp310-cp310-macosx_10_9_universal2.whl", hash = "sha256:86b1f75c4e7c2ac2ccdaec2b9022845dbb81880ca318bb7a0a01fbf7813e3812"},
    {file = "MarkupSafe-2.1.1-cp310-cp310-macosx_10_9_x86_64.whl", hash = "sha256:f121a1420d4e173a5d96e47e9a0c0dcff965afdf1626d28de1460815f7c4ee7a"},
    {file = "MarkupSafe-2.1.1-cp310-cp310-manylinux_2_17_aarch64.manylinux2014_aarch64.whl", hash = "sha256:a49907dd8420c5685cfa064a1335b6754b74541bbb3706c259c02ed65b644b3e"},
    {file = "MarkupSafe-2.1.1-cp310-cp310-manylinux_2_17_x86_64.manylinux2014_x86_64.whl", hash = "sha256:10c1bfff05d95783da83491be968e8fe789263689c02724e0c691933c52994f5"},
    {file = "MarkupSafe-2.1.1-cp310-cp310-manylinux_2_5_i686.manylinux1_i686.manylinux_2_17_i686.manylinux2014_i686.whl", hash = "sha256:b7bd98b796e2b6553da7225aeb61f447f80a1ca64f41d83612e6139ca5213aa4"},
    {file = "MarkupSafe-2.1.1-cp310-cp310-musllinux_1_1_aarch64.whl", hash = "sha256:b09bf97215625a311f669476f44b8b318b075847b49316d3e28c08e41a7a573f"},
    {file = "MarkupSafe-2.1.1-cp310-cp310-musllinux_1_1_i686.whl", hash = "sha256:694deca8d702d5db21ec83983ce0bb4b26a578e71fbdbd4fdcd387daa90e4d5e"},
    {file = "MarkupSafe-2.1.1-cp310-cp310-musllinux_1_1_x86_64.whl", hash = "sha256:efc1913fd2ca4f334418481c7e595c00aad186563bbc1ec76067848c7ca0a933"},
    {file = "MarkupSafe-2.1.1-cp310-cp310-win32.whl", hash = "sha256:4a33dea2b688b3190ee12bd7cfa29d39c9ed176bda40bfa11099a3ce5d3a7ac6"},
    {file = "MarkupSafe-2.1.1-cp310-cp310-win_amd64.whl", hash = "sha256:dda30ba7e87fbbb7eab1ec9f58678558fd9a6b8b853530e176eabd064da81417"},
    {file = "MarkupSafe-2.1.1-cp37-cp37m-macosx_10_9_x86_64.whl", hash = "sha256:671cd1187ed5e62818414afe79ed29da836dde67166a9fac6d435873c44fdd02"},
    {file = "MarkupSafe-2.1.1-cp37-cp37m-manylinux_2_17_aarch64.manylinux2014_aarch64.whl", hash = "sha256:3799351e2336dc91ea70b034983ee71cf2f9533cdff7c14c90ea126bfd95d65a"},
    {file = "MarkupSafe-2.1.1-cp37-cp37m-manylinux_2_17_x86_64.manylinux2014_x86_64.whl", hash = "sha256:e72591e9ecd94d7feb70c1cbd7be7b3ebea3f548870aa91e2732960fa4d57a37"},
    {file = "MarkupSafe-2.1.1-cp37-cp37m-manylinux_2_5_i686.manylinux1_i686.manylinux_2_17_i686.manylinux2014_i686.whl", hash = "sha256:6fbf47b5d3728c6aea2abb0589b5d30459e369baa772e0f37a0320185e87c980"},
    {file = "MarkupSafe-2.1.1-cp37-cp37m-musllinux_1_1_aarch64.whl", hash = "sha256:d5ee4f386140395a2c818d149221149c54849dfcfcb9f1debfe07a8b8bd63f9a"},
    {file = "MarkupSafe-2.1.1-cp37-cp37m-musllinux_1_1_i686.whl", hash = "sha256:bcb3ed405ed3222f9904899563d6fc492ff75cce56cba05e32eff40e6acbeaa3"},
    {file = "MarkupSafe-2.1.1-cp37-cp37m-musllinux_1_1_x86_64.whl", hash = "sha256:e1c0b87e09fa55a220f058d1d49d3fb8df88fbfab58558f1198e08c1e1de842a"},
    {file = "MarkupSafe-2.1.1-cp37-cp37m-win32.whl", hash = "sha256:8dc1c72a69aa7e082593c4a203dcf94ddb74bb5c8a731e4e1eb68d031e8498ff"},
    {file = "MarkupSafe-2.1.1-cp37-cp37m-win_amd64.whl", hash = "sha256:97a68e6ada378df82bc9f16b800ab77cbf4b2fada0081794318520138c088e4a"},
    {file = "MarkupSafe-2.1.1-cp38-cp38-macosx_10_9_universal2.whl", hash = "sha256:e8c843bbcda3a2f1e3c2ab25913c80a3c5376cd00c6e8c4a86a89a28c8dc5452"},
    {file = "MarkupSafe-2.1.1-cp38-cp38-macosx_10_9_x86_64.whl", hash = "sha256:0212a68688482dc52b2d45013df70d169f542b7394fc744c02a57374a4207003"},
    {file = "MarkupSafe-2.1.1-cp38-cp38-manylinux_2_17_aarch64.manylinux2014_aarch64.whl", hash = "sha256:8e576a51ad59e4bfaac456023a78f6b5e6e7651dcd383bcc3e18d06f9b55d6d1"},
    {file = "MarkupSafe-2.1.1-cp38-cp38-manylinux_2_17_x86_64.manylinux2014_x86_64.whl", hash = "sha256:4b9fe39a2ccc108a4accc2676e77da025ce383c108593d65cc909add5c3bd601"},
    {file = "MarkupSafe-2.1.1-cp38-cp38-manylinux_2_5_i686.manylinux1_i686.manylinux_2_17_i686.manylinux2014_i686.whl", hash = "sha256:96e37a3dc86e80bf81758c152fe66dbf60ed5eca3d26305edf01892257049925"},
    {file = "MarkupSafe-2.1.1-cp38-cp38-musllinux_1_1_aarch64.whl", hash = "sha256:6d0072fea50feec76a4c418096652f2c3238eaa014b2f94aeb1d56a66b41403f"},
    {file = "MarkupSafe-2.1.1-cp38-cp38-musllinux_1_1_i686.whl", hash = "sha256:089cf3dbf0cd6c100f02945abeb18484bd1ee57a079aefd52cffd17fba910b88"},
    {file = "MarkupSafe-2.1.1-cp38-cp38-musllinux_1_1_x86_64.whl", hash = "sha256:6a074d34ee7a5ce3effbc526b7083ec9731bb3cbf921bbe1d3005d4d2bdb3a63"},
    {file = "MarkupSafe-2.1.1-cp38-cp38-win32.whl", hash = "sha256:421be9fbf0ffe9ffd7a378aafebbf6f4602d564d34be190fc19a193232fd12b1"},
    {file = "MarkupSafe-2.1.1-cp38-cp38-win_amd64.whl", hash = "sha256:fc7b548b17d238737688817ab67deebb30e8073c95749d55538ed473130ec0c7"},
    {file = "MarkupSafe-2.1.1-cp39-cp39-macosx_10_9_universal2.whl", hash = "sha256:e04e26803c9c3851c931eac40c695602c6295b8d432cbe78609649ad9bd2da8a"},
    {file = "MarkupSafe-2.1.1-cp39-cp39-macosx_10_9_x86_64.whl", hash = "sha256:b87db4360013327109564f0e591bd2a3b318547bcef31b468a92ee504d07ae4f"},
    {file = "MarkupSafe-2.1.1-cp39-cp39-manylinux_2_17_aarch64.manylinux2014_aarch64.whl", hash = "sha256:99a2a507ed3ac881b975a2976d59f38c19386d128e7a9a18b7df6fff1fd4c1d6"},
    {file = "MarkupSafe-2.1.1-cp39-cp39-manylinux_2_17_x86_64.manylinux2014_x86_64.whl", hash = "sha256:56442863ed2b06d19c37f94d999035e15ee982988920e12a5b4ba29b62ad1f77"},
    {file = "MarkupSafe-2.1.1-cp39-cp39-manylinux_2_5_i686.manylinux1_i686.manylinux_2_17_i686.manylinux2014_i686.whl", hash = "sha256:3ce11ee3f23f79dbd06fb3d63e2f6af7b12db1d46932fe7bd8afa259a5996603"},
    {file = "MarkupSafe-2.1.1-cp39-cp39-musllinux_1_1_aarch64.whl", hash = "sha256:33b74d289bd2f5e527beadcaa3f401e0df0a89927c1559c8566c066fa4248ab7"},
    {file = "MarkupSafe-2.1.1-cp39-cp39-musllinux_1_1_i686.whl", hash = "sha256:43093fb83d8343aac0b1baa75516da6092f58f41200907ef92448ecab8825135"},
    {file = "MarkupSafe-2.1.1-cp39-cp39-musllinux_1_1_x86_64.whl", hash = "sha256:8e3dcf21f367459434c18e71b2a9532d96547aef8a871872a5bd69a715c15f96"},
    {file = "MarkupSafe-2.1.1-cp39-cp39-win32.whl", hash = "sha256:d4306c36ca495956b6d568d276ac11fdd9c30a36f1b6eb928070dc5360b22e1c"},
    {file = "MarkupSafe-2.1.1-cp39-cp39-win_amd64.whl", hash = "sha256:46d00d6cfecdde84d40e572d63735ef81423ad31184100411e6e3388d405e247"},
    {file = "MarkupSafe-2.1.1.tar.gz", hash = "sha256:7f91197cc9e48f989d12e4e6fbc46495c446636dfc81b9ccf50bb0ec74b91d4b"},
]

[[package]]
name = "pyyaml"
version = "6.0"
description = "YAML parser and emitter for Python"
optional = false
python-versions = ">=3.6"
groups = ["main"]
files = [
    {file = "PyYAML-6.0-cp310-cp310-macosx_10_9_x86_64.whl", hash = "sha256:d4db7c7aef085872ef65a8fd7d6d09a14ae91f691dec3e87ee5ee0539d516f53"},
    {file = "PyYAML-6.0-cp310-cp310-macosx_11_0_arm64.whl", hash = "sha256:9df7ed3b3d2e0ecfe09e14741b857df43adb5a3ddadc919a2d94fbdf78fea53c"},
    {file = "PyYAML-6.0-cp310-cp310-manylinux_2_17_aarch64.manylinux2014_aarch64.whl", hash = "sha256:77f396e6ef4c73fdc33a9157446466f1cff553d979bd00ecb64385760c6babdc"},
    {file = "PyYAML-6.0-cp310-cp310-manylinux_2_17_s390x.manylinux2014_s390x.whl", hash = "sha256:a80a78046a72361de73f8f395f1f1e49f956c6be882eed58505a15f3e430962b"},
    {file = "PyYAML-6.0-cp310-cp310-manylinux_2_5_x86_64.manylinux1_x86_64.manylinux_2_12_x86_64.manylinux2010_x86_64.whl", hash = "sha256:f84fbc98b019fef2ee9a1cb3ce93e3187a6df0b2538a651bfb890254ba9f90b5"},
    {file = "PyYAML-6.0-cp310-cp310-win32.whl", hash = "sha256:2cd5df3de48857ed0544b34e2d40e9fac445930039f3cfe4bcc592a1f836d513"},
    {file = "PyYAML-6.0-cp310-cp310-win_amd64.whl", hash = "sha256:daf496c58a8c52083df09b80c860005194014c3698698d1a57cbcfa182142a3a"},
    {file = "PyYAML-6.0-cp311-cp311-macosx_10_9_x86_64.whl", hash = "sha256:d4b0ba9512519522b118090257be113b9468d804b19d63c71dbcf4a48fa32358"},
    {file = "PyYAML-6.0-cp311-cp311-macosx_11_0_arm64.whl", hash = "sha256:81957921f441d50af23654aa6c5e5eaf9b06aba7f0a19c18a538dc7ef291c5a1"},
    {file = "PyYAML-6.0-cp311-cp311-manylinux_2_17_aarch64.manylinux2014_aarch64.whl", hash = "sha256:afa17f5bc4d1b10afd4466fd3a44dc0e245382deca5b3c353d8b757f9e3ecb8d"},
    {file = "PyYAML-6.0-cp311-cp311-manylinux_2_17_s390x.manylinux2014_s390x.whl", hash = "sha256:dbad0e9d368bb989f4515da330b88a057617d16b6a8245084f1b05400f24609f"},
    {file = "PyYAML-6.0-cp311-cp311-manylinux_2_17_x86_64.manylinux2014_x86_64.whl", hash = "sha256:432557aa2c09802be39460360ddffd48156e30721f5e8d917f01d31694216782"},
    {file = "PyYAML-6.0-cp311-cp311-win32.whl", hash = "sha256:bfaef573a63ba8923503d27530362590ff4f576c626d86a9fed95822a8255fd7"},
    {file = "PyYAML-6.0-cp311-cp311-win_amd64.whl", hash = "sha256:01b45c0191e6d66c470b6cf1b9531a771a83c1c4208272ead47a3ae4f2f603bf"},
    {file = "PyYAML-6.0-cp36-cp36m-macosx_10_9_x86_64.whl", hash = "sha256:897b80890765f037df3403d22bab41627ca8811ae55e9a722fd0392850ec4d86"},
    {file = "PyYAML-6.0-cp36-cp36m-manylinux_2_17_aarch64.manylinux2014_aarch64.whl", hash = "sha256:50602afada6d6cbfad699b0c7bb50d5ccffa7e46a3d738092afddc1f9758427f"},
    {file = "PyYAML-6.0-cp36-cp36m-manylinux_2_17_s390x.manylinux2014_s390x.whl", hash = "sha256:48c346915c114f5fdb3ead70312bd042a953a8ce5c7106d5bfb1a5254e47da92"},
    {file = "PyYAML-6.0-cp36-cp36m-manylinux_2_5_x86_64.manylinux1_x86_64.manylinux_2_12_x86_64.manylinux2010_x86_64.whl", hash = "sha256:98c4d36e99714e55cfbaaee6dd5badbc9a1ec339ebfc3b1f52e293aee6bb71a4"},
    {file = "PyYAML-6.0-cp36-cp36m-win32.whl", hash = "sha256:0283c35a6a9fbf047493e3a0ce8d79ef5030852c51e9d911a27badfde0605293"},
    {file = "PyYAML-6.0-cp36-cp36m-win_amd64.whl", hash = "sha256:07751360502caac1c067a8132d150cf3d61339af5691fe9e87803040dbc5db57"},
    {file = "PyYAML-6.0-cp37-cp37m-macosx_10_9_x86_64.whl", hash = "sha256:819b3830a1543db06c4d4b865e70ded25be52a2e0631ccd2f6a47a2822f2fd7c"},
    {file = "PyYAML-6.0-cp37-cp37m-manylinux_2_17_aarch64.manylinux2014_aarch64.whl", hash = "sha256:473f9edb243cb1935ab5a084eb238d842fb8f404ed2193a915d1784b5a6b5fc0"},
    {file = "PyYAML-6.0-cp37-cp37m-manylinux_2_17_s390x.manylinux2014_s390x.whl", hash = "sha256:0ce82d761c532fe4ec3f87fc45688bdd3a4c1dc5e0b4a19814b9009a29baefd4"},
    {file = "PyYAML-6.0-cp37-cp37m-manylinux_2_5_x86_64.manylinux1_x86_64.manylinux_2_12_x86_64.manylinux2010_x86_64.whl", hash = "sha256:231710d57adfd809ef5d34183b8ed1eeae3f76459c18fb4a0b373ad56bedcdd9"},
    {file = "PyYAML-6.0-cp37-cp37m-win32.whl", hash = "sha256:c5687b8d43cf58545ade1fe3e055f70eac7a5a1a0bf42824308d868289a95737"},
    {file = "PyYAML-6.0-cp37-cp37m-win_amd64.whl", hash = "sha256:d15a181d1ecd0d4270dc32edb46f7cb7733c7c508857278d3d378d14d606db2d"},
    {file = "PyYAML-6.0-cp38-cp38-macosx_10_9_x86_64.whl", hash = "sha256:0b4624f379dab24d3725ffde76559cff63d9ec94e1736b556dacdfebe5ab6d4b"},
    {file = "PyYAML-6.0-cp38-cp38-manylinux_2_17_aarch64.manylinux2014_aarch64.whl", hash = "sha256:213c60cd50106436cc818accf5baa1aba61c0189ff610f64f4a3e8c6726218ba"},
    {file = "PyYAML-6.0-cp38-cp38-manylinux_2_17_s390x.manylinux2014_s390x.whl", hash = "sha256:9fa600030013c4de8165339db93d182b9431076eb98eb40ee068700c9c813e34"},
    {file = "PyYAML-6.0-cp38-cp38-manylinux_2_5_x86_64.manylinux1_x86_64.manylinux_2_12_x86_64.manylinux2010_x86_64.whl", hash = "sha256:277a0ef2981ca40581a47093e9e2d13b3f1fbbeffae064c1d21bfceba2030287"},
    {file = "PyYAML-6.0-cp38-cp38-win32.whl", hash = "sha256:d4eccecf9adf6fbcc6861a38015c2a64f38b9d94838ac1810a9023a0609e1b78"},
    {file = "PyYAML-6.0-cp38-cp38-win_amd64.whl", hash = "sha256:1e4747bc279b4f613a09eb64bba2ba602d8a6664c6ce6396a4d0cd413a50ce07"},
    {file = "PyYAML-6.0-cp39-cp39-macosx_10_9_x86_64.whl", hash = "sha256:055d937d65826939cb044fc8c9b08889e8c743fdc6a32b33e2390f66013e449b"},
    {file = "PyYAML-6.0-cp39-cp39-macosx_11_0_arm64.whl", hash = "sha256:e61ceaab6f49fb8bdfaa0f92c4b57bcfbea54c09277b1b4f7ac376bfb7a7c174"},
    {file = "PyYAML-6.0-cp39-cp39-manylinux_2_17_aarch64.manylinux2014_aarch64.whl", hash = "sha256:d67d839ede4ed1b28a4e8909735fc992a923cdb84e618544973d7dfc71540803"},
    {file = "PyYAML-6.0-cp39-cp39-manylinux_2_17_s390x.manylinux2014_s390x.whl", hash = "sha256:cba8c411ef271aa037d7357a2bc8f9ee8b58b9965831d9e51baf703280dc73d3"},
    {file = "PyYAML-6.0-cp39-cp39-manylinux_2_5_x86_64.manylinux1_x86_64.manylinux_2_12_x86_64.manylinux2010_x86_64.whl", hash = "sha256:40527857252b61eacd1d9af500c3337ba8deb8fc298940291486c465c8b46ec0"},
    {file = "PyYAML-6.0-cp39-cp39-win32.whl", hash = "sha256:b5b9eccad747aabaaffbc6064800670f0c297e52c12754eb1d976c57e4f74dcb"},
    {file = "PyYAML-6.0-cp39-cp39-win_amd64.whl", hash = "sha256:b3d267842bf12586ba6c734f89d1f5b871df0273157918b0ccefa29deb05c21c"},
    {file = "PyYAML-6.0.tar.gz", hash = "sha256:68fb519c14306fec9720a2a5b45bc9f0c8d1b9c72adf45c37baedfcd949c35a2"},
]

[[package]]
name = "pyyaml-include"
version = "1.3"
description = "Extending PyYAML with a custom constructor for including YAML files within YAML files"
optional = false
python-versions = ">=3.5"
groups = ["main"]
files = [
    {file = "pyyaml-include-1.3.tar.gz", hash = "sha256:f7fbeb8e71b50be0e6e07472f7c79dbfb1a15bade9c93a078369ff49e57e6771"},
    {file = "pyyaml_include-1.3-py3-none-any.whl", hash = "sha256:5142a0b0f93d9b1e5872d5a814f3681ffbc70638128ced1acfd9fb57da7825ca"},
]

[package.dependencies]
PyYAML = ">=5.1,<7.0"

[package.extras]
all = ["toml"]
toml = ["toml"]

[metadata]
lock-version = "2.1"
python-versions = ">=3.10,<3.11"
content-hash = "75a55834fd5dcce47f8920d1c460d12b3c82be38cfb96eb9bf6b4dadfe4f06c0"
