{
  "name": "geomapfish-doc",
  "version": "1.0.0",
  "lockfileVersion": 2,
  "requires": true,
  "packages": {
    "": {
      "name": "geomapfish-doc",
      "version": "1.0.0",
      "dependencies": {
        "ngeo": "2.8.0-latest.20221029T084350Z.e3511d29f"
      }
    },
    "node_modules/ngeo": {
      "version": "2.8.0-latest.20221029T084350Z.e3511d29f",
      "resolved": "https://registry.npmjs.org/ngeo/-/ngeo-2.8.0-latest.20221029T084350Z.e3511d29f.tgz",
      "integrity": "sha512-GbI35zIMLyLyV4Y7RGjQgnbp9F3zxsfpZ9sje4iDssm+KRpRnpOFcMixr8w3IfJI8y6P8nGo4b+mkBQcsEv2bQ==",
      "bin": {
        "check-example": "buildtools/check-example.js",
        "compile-catalog": "buildtools/compile-catalog.js"
      }
    }
  },
  "dependencies": {
    "ngeo": {
      "version": "2.8.0-latest.20221029T084350Z.e3511d29f",
      "resolved": "https://registry.npmjs.org/ngeo/-/ngeo-2.8.0-latest.20221029T084350Z.e3511d29f.tgz",
      "integrity": "sha512-GbI35zIMLyLyV4Y7RGjQgnbp9F3zxsfpZ9sje4iDssm+KRpRnpOFcMixr8w3IfJI8y6P8nGo4b+mkBQcsEv2bQ=="
    }
  }
}
