{
  "name": "geomapfish-doc",
  "version": "1.0.0",
  "lockfileVersion": 2,
  "requires": true,
  "packages": {
    "": {
      "name": "geomapfish-doc",
      "version": "1.0.0",
      "dependencies": {
        "ngeo": "2.8.0-latest.20220907T071103Z.53480e00d"
      }
    },
    "node_modules/ngeo": {
      "version": "2.8.0-latest.20220907T071103Z.53480e00d",
      "resolved": "https://registry.npmjs.org/ngeo/-/ngeo-2.8.0-latest.20220907T071103Z.53480e00d.tgz",
      "integrity": "sha512-QM6ZmIPJZ9dsTNI4jXRqfQ5NTE0NUQzfKCqfKt/srJ1ZdyHSaoKly2BGcAaUjF1rMrRorLAtgood6oFsg5I4PQ==",
      "bin": {
        "check-example": "buildtools/check-example.js",
        "compile-catalog": "buildtools/compile-catalog.js"
      }
    }
  },
  "dependencies": {
    "ngeo": {
      "version": "2.8.0-latest.20220907T071103Z.53480e00d",
      "resolved": "https://registry.npmjs.org/ngeo/-/ngeo-2.8.0-latest.20220907T071103Z.53480e00d.tgz",
      "integrity": "sha512-QM6ZmIPJZ9dsTNI4jXRqfQ5NTE0NUQzfKCqfKt/srJ1ZdyHSaoKly2BGcAaUjF1rMrRorLAtgood6oFsg5I4PQ=="
    }
  }
}
