{
  "name": "geomapfish-doc",
  "version": "1.0.0",
  "lockfileVersion": 2,
  "requires": true,
  "packages": {
    "": {
      "name": "geomapfish-doc",
      "version": "1.0.0",
      "dependencies": {
        "ngeo": "2.8.0-latest.20220823T090546Z.44a22b19f"
      }
    },
    "node_modules/ngeo": {
      "version": "2.8.0-latest.20220823T090546Z.44a22b19f",
      "resolved": "https://registry.npmjs.org/ngeo/-/ngeo-2.8.0-latest.20220823T090546Z.44a22b19f.tgz",
      "integrity": "sha512-O7MyFrOvKOyS4o37lwXPHDaXzzAhvbgX7EGR8Z4wowvVfHrZ3f/DV8wr+MKCej3A9eQdN9+wmatUcTENSMjW7w==",
      "bin": {
        "check-example": "buildtools/check-example.js",
        "compile-catalog": "buildtools/compile-catalog.js"
      }
    }
  },
  "dependencies": {
    "ngeo": {
      "version": "2.8.0-latest.20220823T090546Z.44a22b19f",
      "resolved": "https://registry.npmjs.org/ngeo/-/ngeo-2.8.0-latest.20220823T090546Z.44a22b19f.tgz",
      "integrity": "sha512-O7MyFrOvKOyS4o37lwXPHDaXzzAhvbgX7EGR8Z4wowvVfHrZ3f/DV8wr+MKCej3A9eQdN9+wmatUcTENSMjW7w=="
    }
  }
}
