{
  "name": "GeoMapFish-Admin",
  "version": "1.0.0",
  "lockfileVersion": 3,
  "requires": true,
  "packages": {
    "": {
      "name": "GeoMapFish-Admin",
      "version": "1.0.0",
      "dependencies": {
        "@snyk/protect": "1.1286.2",
        "bootstrap": "3.4.1",
        "bootstrap-table": "1.22.3",
        "jquery": "3.7.1",
        "jquery.scrollintoview": "1.9.4",
        "jstree": "3.3.16",
        "jstreegrid": "3.10.2",
        "magicsuggest-alpine": "1.0.0",
        "typeahead.js": "0.11.1"
      }
    },
    "node_modules/@snyk/protect": {
      "version": "1.1286.2",
      "resolved": "https://registry.npmjs.org/@snyk/protect/-/protect-1.1286.2.tgz",
      "integrity": "sha512-SHmuZ67vKO3QlCFPRMI2QD18/Mij2ig+uYI1IALg5IAD0Wrc57DOlAzFvWmSaK24EH/mUnS/Qfsmt3BmtGZpTA==",
      "bin": {
        "snyk-protect": "bin/snyk-protect"
      },
      "engines": {
        "node": ">=10"
      }
    },
    "node_modules/bootstrap": {
      "version": "3.4.1",
      "resolved": "https://registry.npmjs.org/bootstrap/-/bootstrap-3.4.1.tgz",
      "integrity": "sha512-yN5oZVmRCwe5aKwzRj6736nSmKDX7pLYwsXiCj/EYmo16hODaBiT4En5btW/jhBF/seV+XMx3aYwukYC3A49DA==",
      "engines": {
        "node": ">=6"
      }
    },
    "node_modules/bootstrap-table": {
      "version": "1.22.3",
      "resolved": "https://registry.npmjs.org/bootstrap-table/-/bootstrap-table-1.22.3.tgz",
      "integrity": "sha512-YWQTXzmZBX6P4y6YW2mHOxqIAYyLKld2WecHuKSyYamimUE4KZ9YUsmAroSoS2Us1bPYXFaM+JCeTt6X0iKW+g==",
      "peerDependencies": {
        "jquery": "3"
      }
    },
    "node_modules/jquery": {
      "version": "3.7.1",
      "resolved": "https://registry.npmjs.org/jquery/-/jquery-3.7.1.tgz",
      "integrity": "sha512-m4avr8yL8kmFN8psrbFFFmB/If14iN5o9nw/NgnnM+kybDJpRsAynV2BsfpTYrTRysYUdADVD7CkUUizgkpLfg=="
    },
    "node_modules/jquery.scrollintoview": {
      "version": "1.9.4",
      "resolved": "https://registry.npmjs.org/jquery.scrollintoview/-/jquery.scrollintoview-1.9.4.tgz",
      "integrity": "sha512-mAeLHnu6HA01W4BWWZgovLE5Gr8qgs6BGCaMB5oha3YfAKZ2mJhAqd1CbDZsFnXMvgxQj70JYXzyftolQLAwFg==",
      "dependencies": {
        "jquery": ">=1.4"
      }
    },
    "node_modules/jstree": {
      "version": "3.3.16",
      "resolved": "https://registry.npmjs.org/jstree/-/jstree-3.3.16.tgz",
      "integrity": "sha512-yeeIJffi2WAqyMeHufXj/Ozy7GqgKdDkxfN8L8lwbG0h1cw/TgDafWmyhroH4AKgDSk9yW1W6jiJZu4zXAqzXw==",
      "dependencies": {
        "jquery": "^3.5.0"
      }
    },
    "node_modules/jstreegrid": {
      "version": "3.10.2",
      "resolved": "https://registry.npmjs.org/jstreegrid/-/jstreegrid-3.10.2.tgz",
      "integrity": "sha512-8pHj/jfFsG8+9GKFWD7JUINe1qfXUTqpK1xYz6IR2COGIqyydVu9qc8T2kTJfYs++svdPFsHydI/U3hNXZey/w==",
      "dependencies": {
        "jstree": ">=3.0.0"
      }
    },
    "node_modules/magicsuggest-alpine": {
      "version": "1.0.0",
      "resolved": "https://registry.npmjs.org/magicsuggest-alpine/-/magicsuggest-alpine-1.0.0.tgz",
      "integrity": "sha512-nU5ZPsp6wGwZksp9KQ5DyjxKpmVfY9FzdMHP58rhmikYiQGeTDLnVAJV+LNi2XrWyFMdz44A80wdawwyLYSHFA==",
      "dependencies": {
        "bootstrap": "~3",
        "jquery": ">= 3.2.1"
      }
    },
    "node_modules/typeahead.js": {
      "version": "0.11.1",
      "resolved": "https://registry.npmjs.org/typeahead.js/-/typeahead.js-0.11.1.tgz",
      "integrity": "sha512-yGaLzGjVHyryZdNfrWz2NHXUwEO7hrlVmGMGCo5+6mH3nEEhcQ0Te3mK3G60uRnxfERu8twOWSU4WmwScbwhMg==",
      "dependencies": {
        "jquery": ">=1.7"
      }
    }
  }
}
