{
  "name": "GeoMapFish-Admin",
  "version": "1.0.0",
  "lockfileVersion": 2,
  "requires": true,
  "packages": {
    "": {
      "name": "GeoMapFish-Admin",
      "version": "1.0.0",
      "dependencies": {
        "@snyk/protect": "1.1071.0",
        "bootstrap": "3.4.1",
        "bootstrap-table": "1.21.2",
        "jquery": "3.6.2",
        "jquery.scrollintoview": "1.9.4",
        "jstree": "3.3.12",
        "jstreegrid": "3.10.2",
        "magicsuggest-alpine": "1.0.0",
        "typeahead.js": "0.11.1"
      }
    },
    "node_modules/@snyk/protect": {
      "version": "1.1071.0",
      "resolved": "https://registry.npmjs.org/@snyk/protect/-/protect-1.1071.0.tgz",
      "integrity": "sha512-/xoAhWLeMBEVW3mHufGPx6WrhJBy98qmJ+0jhTwdz3qerr93kk4e4dj3N6ZGI9zeBQ3+E1tPxKcC74CcmzQdhg==",
      "bin": {
        "snyk-protect": "bin/snyk-protect"
      },
      "engines": {
        "node": ">=10"
      }
    },
    "node_modules/bootstrap": {
      "version": "3.4.1",
      "resolved": "https://registry.npmjs.org/bootstrap/-/bootstrap-3.4.1.tgz",
      "integrity": "sha512-yN5oZVmRCwe5aKwzRj6736nSmKDX7pLYwsXiCj/EYmo16hODaBiT4En5btW/jhBF/seV+XMx3aYwukYC3A49DA==",
      "engines": {
        "node": ">=6"
      }
    },
    "node_modules/bootstrap-table": {
      "version": "1.21.2",
      "resolved": "https://registry.npmjs.org/bootstrap-table/-/bootstrap-table-1.21.2.tgz",
      "integrity": "sha512-VVXiVI19PwR0Taq0N9jOaNCBnxIKsfnlcdaK8/jJBmK23cqor9NhtqH8MJ/UysSEt1sFv+p8yi1DZWHadtVdoQ==",
      "peerDependencies": {
        "jquery": "1.9.1 - 3"
      }
    },
    "node_modules/jquery": {
      "version": "3.6.2",
      "resolved": "https://registry.npmjs.org/jquery/-/jquery-3.6.2.tgz",
      "integrity": "sha512-/e7ulNIEEYk1Z/l4X0vpxGt+B/dNsV8ghOPAWZaJs8pkGvsSC0tm33aMGylXcj/U7y4IcvwtMXPMyBFZn/gK9A=="
    },
    "node_modules/jquery.scrollintoview": {
      "version": "1.9.4",
      "resolved": "https://registry.npmjs.org/jquery.scrollintoview/-/jquery.scrollintoview-1.9.4.tgz",
      "integrity": "sha512-mAeLHnu6HA01W4BWWZgovLE5Gr8qgs6BGCaMB5oha3YfAKZ2mJhAqd1CbDZsFnXMvgxQj70JYXzyftolQLAwFg==",
      "dependencies": {
        "jquery": ">=1.4"
      }
    },
    "node_modules/jstree": {
      "version": "3.3.12",
      "resolved": "https://registry.npmjs.org/jstree/-/jstree-3.3.12.tgz",
      "integrity": "sha512-vHNLWkUr02ZYH7RcIckvhtLUtneWCVEtIKpIp2G9WtRh01ITv18EoNtNQcFG3ozM+oK6wp1Z300gSLXNQWCqGA==",
      "dependencies": {
        "jquery": ">=1.9.1"
      }
    },
    "node_modules/jstreegrid": {
      "version": "3.10.2",
      "resolved": "https://registry.npmjs.org/jstreegrid/-/jstreegrid-3.10.2.tgz",
      "integrity": "sha512-8pHj/jfFsG8+9GKFWD7JUINe1qfXUTqpK1xYz6IR2COGIqyydVu9qc8T2kTJfYs++svdPFsHydI/U3hNXZey/w==",
      "dependencies": {
        "jstree": ">=3.0.0"
      }
    },
    "node_modules/magicsuggest-alpine": {
      "version": "1.0.0",
      "resolved": "https://registry.npmjs.org/magicsuggest-alpine/-/magicsuggest-alpine-1.0.0.tgz",
      "integrity": "sha512-nU5ZPsp6wGwZksp9KQ5DyjxKpmVfY9FzdMHP58rhmikYiQGeTDLnVAJV+LNi2XrWyFMdz44A80wdawwyLYSHFA==",
      "dependencies": {
        "bootstrap": "~3",
        "jquery": ">= 3.2.1"
      }
    },
    "node_modules/typeahead.js": {
      "version": "0.11.1",
      "resolved": "https://registry.npmjs.org/typeahead.js/-/typeahead.js-0.11.1.tgz",
      "integrity": "sha512-yGaLzGjVHyryZdNfrWz2NHXUwEO7hrlVmGMGCo5+6mH3nEEhcQ0Te3mK3G60uRnxfERu8twOWSU4WmwScbwhMg==",
      "dependencies": {
        "jquery": ">=1.7"
      }
    }
  },
  "dependencies": {
    "@snyk/protect": {
      "version": "1.1071.0",
      "resolved": "https://registry.npmjs.org/@snyk/protect/-/protect-1.1071.0.tgz",
      "integrity": "sha512-/xoAhWLeMBEVW3mHufGPx6WrhJBy98qmJ+0jhTwdz3qerr93kk4e4dj3N6ZGI9zeBQ3+E1tPxKcC74CcmzQdhg=="
    },
    "bootstrap": {
      "version": "3.4.1",
      "resolved": "https://registry.npmjs.org/bootstrap/-/bootstrap-3.4.1.tgz",
      "integrity": "sha512-yN5oZVmRCwe5aKwzRj6736nSmKDX7pLYwsXiCj/EYmo16hODaBiT4En5btW/jhBF/seV+XMx3aYwukYC3A49DA=="
    },
    "bootstrap-table": {
      "version": "1.21.2",
      "resolved": "https://registry.npmjs.org/bootstrap-table/-/bootstrap-table-1.21.2.tgz",
      "integrity": "sha512-VVXiVI19PwR0Taq0N9jOaNCBnxIKsfnlcdaK8/jJBmK23cqor9NhtqH8MJ/UysSEt1sFv+p8yi1DZWHadtVdoQ==",
      "requires": {}
    },
    "jquery": {
      "version": "3.6.2",
      "resolved": "https://registry.npmjs.org/jquery/-/jquery-3.6.2.tgz",
      "integrity": "sha512-/e7ulNIEEYk1Z/l4X0vpxGt+B/dNsV8ghOPAWZaJs8pkGvsSC0tm33aMGylXcj/U7y4IcvwtMXPMyBFZn/gK9A=="
    },
    "jquery.scrollintoview": {
      "version": "1.9.4",
      "resolved": "https://registry.npmjs.org/jquery.scrollintoview/-/jquery.scrollintoview-1.9.4.tgz",
      "integrity": "sha512-mAeLHnu6HA01W4BWWZgovLE5Gr8qgs6BGCaMB5oha3YfAKZ2mJhAqd1CbDZsFnXMvgxQj70JYXzyftolQLAwFg==",
      "requires": {
        "jquery": ">=1.4"
      }
    },
    "jstree": {
      "version": "3.3.12",
      "resolved": "https://registry.npmjs.org/jstree/-/jstree-3.3.12.tgz",
      "integrity": "sha512-vHNLWkUr02ZYH7RcIckvhtLUtneWCVEtIKpIp2G9WtRh01ITv18EoNtNQcFG3ozM+oK6wp1Z300gSLXNQWCqGA==",
      "requires": {
        "jquery": ">=1.9.1"
      }
    },
    "jstreegrid": {
      "version": "3.10.2",
      "resolved": "https://registry.npmjs.org/jstreegrid/-/jstreegrid-3.10.2.tgz",
      "integrity": "sha512-8pHj/jfFsG8+9GKFWD7JUINe1qfXUTqpK1xYz6IR2COGIqyydVu9qc8T2kTJfYs++svdPFsHydI/U3hNXZey/w==",
      "requires": {
        "jstree": ">=3.0.0"
      }
    },
    "magicsuggest-alpine": {
      "version": "1.0.0",
      "resolved": "https://registry.npmjs.org/magicsuggest-alpine/-/magicsuggest-alpine-1.0.0.tgz",
      "integrity": "sha512-nU5ZPsp6wGwZksp9KQ5DyjxKpmVfY9FzdMHP58rhmikYiQGeTDLnVAJV+LNi2XrWyFMdz44A80wdawwyLYSHFA==",
      "requires": {
        "bootstrap": "~3",
        "jquery": ">= 3.2.1"
      }
    },
    "typeahead.js": {
      "version": "0.11.1",
      "resolved": "https://registry.npmjs.org/typeahead.js/-/typeahead.js-0.11.1.tgz",
      "integrity": "sha512-yGaLzGjVHyryZdNfrWz2NHXUwEO7hrlVmGMGCo5+6mH3nEEhcQ0Te3mK3G60uRnxfERu8twOWSU4WmwScbwhMg==",
      "requires": {
        "jquery": ">=1.7"
      }
    }
  }
}
