{
  "name": "GeoMapFish-Admin",
  "version": "1.0.0",
  "lockfileVersion": 1,
  "requires": true,
  "dependencies": {
    "bootstrap": {
      "version": "3.4.1",
      "resolved": "https://registry.npmjs.org/bootstrap/-/bootstrap-3.4.1.tgz",
      "integrity": "sha512-yN5oZVmRCwe5aKwzRj6736nSmKDX7pLYwsXiCj/EYmo16hODaBiT4En5btW/jhBF/seV+XMx3aYwukYC3A49DA=="
    },
    "bootstrap-table": {
      "version": "1.20.2",
      "resolved": "https://registry.npmjs.org/bootstrap-table/-/bootstrap-table-1.20.2.tgz",
      "integrity": "sha512-6j9zfjjK6VZyJj8KsH+LnGczqglmMvMctGAoEAKDvrQ92ExQbA3mHGYPQr9iPrzoyeGL8+6Dyx6LqJbWmWmBoA=="
    },
    "jquery": {
      "version": "3.5.0",
      "resolved": "https://registry.npmjs.org/jquery/-/jquery-3.5.0.tgz",
      "integrity": "sha512-Xb7SVYMvygPxbFMpTFQiHh1J7HClEaThguL15N/Gg37Lri/qKyhRGZYzHRyLH8Stq3Aow0LsHO2O2ci86fCrNQ=="
    },
    "jquery.scrollintoview": {
      "version": "1.9.4",
      "resolved": "https://registry.npmjs.org/jquery.scrollintoview/-/jquery.scrollintoview-1.9.4.tgz",
      "integrity": "sha512-mAeLHnu6HA01W4BWWZgovLE5Gr8qgs6BGCaMB5oha3YfAKZ2mJhAqd1CbDZsFnXMvgxQj70JYXzyftolQLAwFg==",
      "requires": {
        "jquery": ">=1.4"
      }
    },
    "jstree": {
      "version": "3.3.9",
      "resolved": "https://registry.npmjs.org/jstree/-/jstree-3.3.9.tgz",
      "integrity": "sha512-jRIbhg+BHrIs1Wm6oiJt3oKTVBE6sWS0PCp2/RlkIUqsLUPWUYgV3q8LfKoi1/E+YMzGtP6BuK4okk+0mwfmhQ==",
      "requires": {
        "jquery": ">=1.9.1"
      }
    },
    "jstreegrid": {
      "version": "3.10.1",
      "resolved": "https://registry.npmjs.org/jstreegrid/-/jstreegrid-3.10.1.tgz",
      "integrity": "sha512-VsBnjszFhrCHJ1Dn83iOLLJlrRZY6WFiwxPSI3J7v0gVlVoeyyUAnQUB+QUH2uKbmGPZ3/Eb0HZjc6phNybziA==",
      "requires": {
        "jstree": ">=3.0.0"
      }
    },
    "magicsuggest-alpine": {
      "version": "1.0.0",
      "resolved": "https://registry.npmjs.org/magicsuggest-alpine/-/magicsuggest-alpine-1.0.0.tgz",
      "integrity": "sha512-nU5ZPsp6wGwZksp9KQ5DyjxKpmVfY9FzdMHP58rhmikYiQGeTDLnVAJV+LNi2XrWyFMdz44A80wdawwyLYSHFA==",
      "requires": {
        "bootstrap": "~3",
        "jquery": ">= 3.2.1"
      }
    },
    "typeahead.js": {
      "version": "0.11.1",
      "resolved": "https://registry.npmjs.org/typeahead.js/-/typeahead.js-0.11.1.tgz",
      "integrity": "sha512-yGaLzGjVHyryZdNfrWz2NHXUwEO7hrlVmGMGCo5+6mH3nEEhcQ0Te3mK3G60uRnxfERu8twOWSU4WmwScbwhMg==",
      "requires": {
        "jquery": ">=1.7"
      }
    }
  }
}
