{
  "name": "geomapfish-geoportal-build",
  "version": "1.0.0",
  "lockfileVersion": 3,
  "requires": true,
  "packages": {
    "": {
      "name": "geomapfish-geoportal-build",
      "version": "1.0.0",
      "dependencies": {
        "ngeo": "version-2.6-latest"
      }
    },
    "node_modules/ngeo": {
      "version": "2.6.0-version-2.6-latest.20230704T085847Z.d40ab18fe.HEAD",
      "resolved": "https://registry.npmjs.org/ngeo/-/ngeo-2.6.0-version-2.6-latest.20230704T085847Z.d40ab18fe.HEAD.tgz",
      "integrity": "sha512-8YMT36pcq/GnRsKCflefbF/kgk4VAnY60xzODF1oS7KL5uz0vG+/DR3JjBlzhgXW/E9GPKTRzJgQin9rtk7E4w==",
      "bin": {
        "compile-catalog": "buildtools/compile-catalog.js"
      }
    }
  }
}
