{
  "name": "geomapfish-geoportal-build",
  "version": "1.0.0",
  "lockfileVersion": 1,
  "requires": true,
  "dependencies": {
    "ngeo": {
      "version": "2.6.0-version-2.6-latest.20221003T094047Z.6e8d43462.HEAD",
      "resolved": "https://registry.npmjs.org/ngeo/-/ngeo-2.6.0-version-2.6-latest.20221003T094047Z.6e8d43462.HEAD.tgz",
      "integrity": "sha512-AYRtLOI99q5WkF71G5I1msCHEvEH6eKkQTjXQq3RKd9r+lfvDzm+rJCdPAWi5k6Z4rYD2RTutDMIGtReERJ6EQ=="
    }
  }
}
