{
    "name": "geomapfish-geoportal-build",
    "version": "1.0.0",
    "lockfileVersion": 1,
    "requires": true,
    "dependencies": {
        "ngeo": {
            "version": "2.5.0-version-2.5-latest.20220707T090247Z.402c71ea3.HEAD",
            "resolved": "https://registry.npmjs.org/ngeo/-/ngeo-2.5.0-version-2.5-latest.20220707T090247Z.402c71ea3.HEAD.tgz",
            "integrity": "sha512-vn288QnPZ/nMqSZYOS+Hn1h7g6bv9PApdI4RBqdT2P2fl+I7IfyHEdVudmGvD62AWMGz1mc15CtGpUoviFr1yA=="
        }
    }
}
